
Microsoft Visual Studio Solution File, Format Version 11.00
# Visual Studio 2010
Project("{F184B08F-C81C-45F6-A57F-5ABD9991F28F}") = "GIXCreator", "GIXCreator.vbproj", "{EEAFFA82-5EE5-4A04-983D-CF93B4970435}"
EndProject
Global
	GlobalSection(SolutionConfigurationPlatforms) = preSolution
		Debug|Any CPU = Debug|Any CPU
		Release|Any CPU = Release|Any CPU
	EndGlobalSection
	GlobalSection(ProjectConfigurationPlatforms) = postSolution
		{EEAFFA82-5EE5-4A04-983D-CF93B4970435}.Debug|Any CPU.ActiveCfg = Debug|Any CPU
		{EEAFFA82-5EE5-4A04-983D-CF93B4970435}.Debug|Any CPU.Build.0 = Debug|Any CPU
		{EEAFFA82-5EE5-4A04-983D-CF93B4970435}.Release|Any CPU.ActiveCfg = Release|Any CPU
		{EEAFFA82-5EE5-4A04-983D-CF93B4970435}.Release|Any CPU.Build.0 = Release|Any CPU
	EndGlobalSection
	GlobalSection(SolutionProperties) = preSolution
		HideSolutionNode = FALSE
	EndGlobalSection
EndGlobal
